# This file is generated by running "yarn install" inside your project.
# Manual changes might be lost - proceed with caution!

__metadata:
  version: 5
  cacheKey: 8

"@types/jest@npm:27.x":
  version: 27.4.1
  resolution: "@types/jest@npm:27.4.1::__archiveUrl=https%3A%2F%2Fregistry.npmmirror.com%2F%40types%2Fjest%2F-%2Fjest-27.4.1.tgz"
  dependencies:
    jest-matcher-utils: ^27.0.0
    pretty-format: ^27.0.0
  checksum: 5184f3eef4832d01ee8f59bed15eec45ccc8e29c724a5e6ce37bf74396b37bdf04f557000f45ba4fc38ae6075cf9cfcce3d7a75abc981023c61ceb27230a93e4
  languageName: node
  linkType: hard

"@types/node@npm:^17.0.21":
  version: 17.0.21
  resolution: "@types/node@npm:17.0.21::__archiveUrl=https%3A%2F%2Fregistry.npmmirror.com%2F%40types%2Fnode%2F-%2Fnode-17.0.21.tgz"
  checksum: 89dcd2fe82f21d3634266f8384e9c865cf8af49685639fbdbd799bdd1040480fb1e8eeda2d3b9fce41edbe704d2a4be9f427118c4ae872e8d9bb7cbeb3c41a94
  languageName: node
  linkType: hard

"@types/uuid@npm:8.3.1":
  version: 8.3.1
  resolution: "@types/uuid@npm:8.3.1::__archiveUrl=https%3A%2F%2Fregistry.npmmirror.com%2F%40types%2Fuuid%2F-%2Fuuid-8.3.1.tgz"
  checksum: b41bdc5e86c6f0f1899306be10455636da0f2168c9489b869edd6837ddeb7c0e501b1ff7d857402462986bada2a379125743dd895fa801d03437cd632116a373
  languageName: node
  linkType: hard

"ansi-regex@npm:^5.0.1":
  version: 5.0.1
  resolution: "ansi-regex@npm:5.0.1::__archiveUrl=https%3A%2F%2Fregistry.npmmirror.com%2Fansi-regex%2F-%2Fansi-regex-5.0.1.tgz"
  checksum: 2aa4bb54caf2d622f1afdad09441695af2a83aa3fe8b8afa581d205e57ed4261c183c4d3877cee25794443fde5876417d859c108078ab788d6af7e4fe52eb66b
  languageName: node
  linkType: hard

"ansi-styles@npm:^4.1.0":
  version: 4.3.0
  resolution: "ansi-styles@npm:4.3.0::__archiveUrl=https%3A%2F%2Fregistry.npmmirror.com%2Fansi-styles%2F-%2Fansi-styles-4.3.0.tgz"
  dependencies:
    color-convert: ^2.0.1
  checksum: 513b44c3b2105dd14cc42a19271e80f386466c4be574bccf60b627432f9198571ebf4ab1e4c3ba17347658f4ee1711c163d574248c0c1cdc2d5917a0ad582ec4
  languageName: node
  linkType: hard

"ansi-styles@npm:^5.0.0":
  version: 5.2.0
  resolution: "ansi-styles@npm:5.2.0::__archiveUrl=https%3A%2F%2Fregistry.npmmirror.com%2Fansi-styles%2F-%2Fansi-styles-5.2.0.tgz"
  checksum: d7f4e97ce0623aea6bc0d90dcd28881ee04cba06c570b97fd3391bd7a268eedfd9d5e2dd4fdcbdd82b8105df5faf6f24aaedc08eaf3da898e702db5948f63469
  languageName: node
  linkType: hard

"chalk@npm:^4.0.0":
  version: 4.1.2
  resolution: "chalk@npm:4.1.2::__archiveUrl=https%3A%2F%2Fregistry.npmmirror.com%2Fchalk%2F-%2Fchalk-4.1.2.tgz"
  dependencies:
    ansi-styles: ^4.1.0
    supports-color: ^7.1.0
  checksum: fe75c9d5c76a7a98d45495b91b2172fa3b7a09e0cc9370e5c8feb1c567b85c4288e2b3fded7cfdd7359ac28d6b3844feb8b82b8686842e93d23c827c417e83fc
  languageName: node
  linkType: hard

"collaboration-engine-client@workspace:packages/client":
  version: 0.0.0-use.local
  resolution: "collaboration-engine-client@workspace:packages/client"
  dependencies:
    "@types/jest": 27.x
    "@types/node": ^17.0.21
    collaboration-engine-common: 0.0.0
    ts-event-target: 0.1.x
    typescript: 4.x
  languageName: unknown
  linkType: soft

"collaboration-engine-common@0.0.0, collaboration-engine-common@workspace:packages/common":
  version: 0.0.0-use.local
  resolution: "collaboration-engine-common@workspace:packages/common"
  languageName: unknown
  linkType: soft

"collaboration-engine-server@workspace:packages/server":
  version: 0.0.0-use.local
  resolution: "collaboration-engine-server@workspace:packages/server"
  dependencies:
    "@types/jest": 27.x
    "@types/node": ^17.0.21
    collaboration-engine-common: 0.0.0
    concurrent-runner: 0.2.x
    typescript: 4.x
    uuidv4: 6.x
  languageName: unknown
  linkType: soft

"collaboration-engine@workspace:.":
  version: 0.0.0-use.local
  resolution: "collaboration-engine@workspace:."
  dependencies:
    prettier: 2.x
    typescript: 4.x
  languageName: unknown
  linkType: soft

"color-convert@npm:^2.0.1":
  version: 2.0.1
  resolution: "color-convert@npm:2.0.1::__archiveUrl=https%3A%2F%2Fregistry.npmmirror.com%2Fcolor-convert%2F-%2Fcolor-convert-2.0.1.tgz"
  dependencies:
    color-name: ~1.1.4
  checksum: 79e6bdb9fd479a205c71d89574fccfb22bd9053bd98c6c4d870d65c132e5e904e6034978e55b43d69fcaa7433af2016ee203ce76eeba9cfa554b373e7f7db336
  languageName: node
  linkType: hard

"color-name@npm:~1.1.4":
  version: 1.1.4
  resolution: "color-name@npm:1.1.4::__archiveUrl=https%3A%2F%2Fregistry.npmmirror.com%2Fcolor-name%2F-%2Fcolor-name-1.1.4.tgz"
  checksum: b0445859521eb4021cd0fb0cc1a75cecf67fceecae89b63f62b201cca8d345baf8b952c966862a9d9a2632987d4f6581f0ec8d957dfacece86f0a7919316f610
  languageName: node
  linkType: hard

"concurrent-runner@npm:0.2.x":
  version: 0.2.0
  resolution: "concurrent-runner@npm:0.2.0::__archiveUrl=https%3A%2F%2Fregistry.npmmirror.com%2Fconcurrent-runner%2F-%2Fconcurrent-runner-0.2.0.tgz"
  checksum: c484e45a8e698db3a1c9907e438424206cc2f315db33eaa90d5823993d9f4dd6ef6f4a7207ffb8e0dde359cda73be6e24484006301df873767e79021c1f63850
  languageName: node
  linkType: hard

"diff-sequences@npm:^27.5.1":
  version: 27.5.1
  resolution: "diff-sequences@npm:27.5.1::__archiveUrl=https%3A%2F%2Fregistry.npmmirror.com%2Fdiff-sequences%2F-%2Fdiff-sequences-27.5.1.tgz"
  checksum: a00db5554c9da7da225db2d2638d85f8e41124eccbd56cbaefb3b276dcbb1c1c2ad851c32defe2055a54a4806f030656cbf6638105fd6ce97bb87b90b32a33ca
  languageName: node
  linkType: hard

"has-flag@npm:^4.0.0":
  version: 4.0.0
  resolution: "has-flag@npm:4.0.0::__archiveUrl=https%3A%2F%2Fregistry.npmmirror.com%2Fhas-flag%2F-%2Fhas-flag-4.0.0.tgz"
  checksum: 261a1357037ead75e338156b1f9452c016a37dcd3283a972a30d9e4a87441ba372c8b81f818cd0fbcd9c0354b4ae7e18b9e1afa1971164aef6d18c2b6095a8ad
  languageName: node
  linkType: hard

"jest-diff@npm:^27.5.1":
  version: 27.5.1
  resolution: "jest-diff@npm:27.5.1::__archiveUrl=https%3A%2F%2Fregistry.npmmirror.com%2Fjest-diff%2F-%2Fjest-diff-27.5.1.tgz"
  dependencies:
    chalk: ^4.0.0
    diff-sequences: ^27.5.1
    jest-get-type: ^27.5.1
    pretty-format: ^27.5.1
  checksum: 8be27c1e1ee57b2bb2bef9c0b233c19621b4c43d53a3c26e2c00a4e805eb4ea11fe1694a06a9fb0e80ffdcfdc0d2b1cb0b85920b3f5c892327ecd1e7bd96b865
  languageName: node
  linkType: hard

"jest-get-type@npm:^27.5.1":
  version: 27.5.1
  resolution: "jest-get-type@npm:27.5.1::__archiveUrl=https%3A%2F%2Fregistry.npmmirror.com%2Fjest-get-type%2F-%2Fjest-get-type-27.5.1.tgz"
  checksum: 63064ab70195c21007d897c1157bf88ff94a790824a10f8c890392e7d17eda9c3900513cb291ca1c8d5722cad79169764e9a1279f7c8a9c4cd6e9109ff04bbc0
  languageName: node
  linkType: hard

"jest-matcher-utils@npm:^27.0.0":
  version: 27.5.1
  resolution: "jest-matcher-utils@npm:27.5.1::__archiveUrl=https%3A%2F%2Fregistry.npmmirror.com%2Fjest-matcher-utils%2F-%2Fjest-matcher-utils-27.5.1.tgz"
  dependencies:
    chalk: ^4.0.0
    jest-diff: ^27.5.1
    jest-get-type: ^27.5.1
    pretty-format: ^27.5.1
  checksum: bb2135fc48889ff3fe73888f6cc7168ddab9de28b51b3148f820c89fdfd2effdcad005f18be67d0b9be80eda208ad47290f62f03d0a33f848db2dd0273c8217a
  languageName: node
  linkType: hard

"prettier@npm:2.x":
  version: 2.6.0
  resolution: "prettier@npm:2.6.0::__archiveUrl=https%3A%2F%2Fregistry.npmmirror.com%2Fprettier%2F-%2Fprettier-2.6.0.tgz"
  bin:
    prettier: bin-prettier.js
  checksum: 3e527ad62279676778a8404d18174d7ca2365ada4caba6eebbcdd9907d1187afd3bc6ade5b4e5f5d4549bb9fb71e45ca8930d71500017635524f8fc05bc52e93
  languageName: node
  linkType: hard

"pretty-format@npm:^27.0.0, pretty-format@npm:^27.5.1":
  version: 27.5.1
  resolution: "pretty-format@npm:27.5.1::__archiveUrl=https%3A%2F%2Fregistry.npmmirror.com%2Fpretty-format%2F-%2Fpretty-format-27.5.1.tgz"
  dependencies:
    ansi-regex: ^5.0.1
    ansi-styles: ^5.0.0
    react-is: ^17.0.1
  checksum: cf610cffcb793885d16f184a62162f2dd0df31642d9a18edf4ca298e909a8fe80bdbf556d5c9573992c102ce8bf948691da91bf9739bee0ffb6e79c8a8a6e088
  languageName: node
  linkType: hard

"react-is@npm:^17.0.1":
  version: 17.0.2
  resolution: "react-is@npm:17.0.2::__archiveUrl=https%3A%2F%2Fregistry.npmmirror.com%2Freact-is%2F-%2Freact-is-17.0.2.tgz"
  checksum: 9d6d111d8990dc98bc5402c1266a808b0459b5d54830bbea24c12d908b536df7883f268a7868cfaedde3dd9d4e0d574db456f84d2e6df9c4526f99bb4b5344d8
  languageName: node
  linkType: hard

"supports-color@npm:^7.1.0":
  version: 7.2.0
  resolution: "supports-color@npm:7.2.0::__archiveUrl=https%3A%2F%2Fregistry.npmmirror.com%2Fsupports-color%2F-%2Fsupports-color-7.2.0.tgz"
  dependencies:
    has-flag: ^4.0.0
  checksum: 3dda818de06ebbe5b9653e07842d9479f3555ebc77e9a0280caf5a14fb877ffee9ed57007c3b78f5a6324b8dbeec648d9e97a24e2ed9fdb81ddc69ea07100f4a
  languageName: node
  linkType: hard

"ts-event-target@npm:0.1.x":
  version: 0.1.4
  resolution: "ts-event-target@npm:0.1.4::__archiveUrl=https%3A%2F%2Fregistry.npmmirror.com%2Fts-event-target%2F-%2Fts-event-target-0.1.4.tgz"
  checksum: c43abe752b9ce95bc1089f5292a934be856aa1a6844ee5b98b78058af557da3eb565e81b324eb4e424c64cd9b45a9d1992c9fd6fc089266fc617696baee180dd
  languageName: node
  linkType: hard

"typescript@npm:4.x":
  version: 4.6.2
  resolution: "typescript@npm:4.6.2::__archiveUrl=https%3A%2F%2Fregistry.npmmirror.com%2Ftypescript%2F-%2Ftypescript-4.6.2.tgz"
  bin:
    tsc: bin/tsc
    tsserver: bin/tsserver
  checksum: 8a44ed7e6f6c4cb1ebe8cf236ecda2fb119d84dcf0fbd77e707b2dfea1bbcfc4e366493a143513ce7f57203c75da9d4e20af6fe46de89749366351046be7577c
  languageName: node
  linkType: hard

"typescript@patch:typescript@4.x#~builtin<compat/typescript>":
  version: 4.6.2
  resolution: "typescript@patch:typescript@npm%3A4.6.2%3A%3A__archiveUrl=https%253A%252F%252Fregistry.npmmirror.com%252Ftypescript%252F-%252Ftypescript-4.6.2.tgz#~builtin<compat/typescript>::version=4.6.2&hash=493e53"
  bin:
    tsc: bin/tsc
    tsserver: bin/tsserver
  checksum: efb83260a22ee49d4c8bdc59b3cefe54fdf51d6f563f5c3a35aa3d5e46fb12f3f1d33a36d6f9f64171e567ead1847e99cb612d0a9a74e7d44e16cad9d0bbc937
  languageName: node
  linkType: hard

"uuid@npm:8.3.2":
  version: 8.3.2
  resolution: "uuid@npm:8.3.2::__archiveUrl=https%3A%2F%2Fregistry.npmmirror.com%2Fuuid%2F-%2Fuuid-8.3.2.tgz"
  bin:
    uuid: dist/bin/uuid
  checksum: 5575a8a75c13120e2f10e6ddc801b2c7ed7d8f3c8ac22c7ed0c7b2ba6383ec0abda88c905085d630e251719e0777045ae3236f04c812184b7c765f63a70e58df
  languageName: node
  linkType: hard

"uuidv4@npm:6.x":
  version: 6.2.12
  resolution: "uuidv4@npm:6.2.12::__archiveUrl=https%3A%2F%2Fregistry.npmmirror.com%2Fuuidv4%2F-%2Fuuidv4-6.2.12.tgz"
  dependencies:
    "@types/uuid": 8.3.1
    uuid: 8.3.2
  checksum: 0fc9e05a93cb66248341ea13696d052bd4d109cf3d332c54cc94025ab98f34576e910584b949e48735b1d170b8fddd39b8438cbeec4a582366c2160916f481d5
  languageName: node
  linkType: hard
